
Microsoft Visual Studio Solution File, Format Version 12.00
# Visual Studio 15
VisualStudioVersion = 15.0.28307.2092
MinimumVisualStudioVersion = 10.0.40219.1
Project("{8BC9CEB8-8B4A-11D0-8D11-00A0C91BC942}") = "P16", "P16\P16.vcxproj", "{DE5EFE40-A250-491E-BF9F-67B31CB27BDB}"
EndProject
Global
	GlobalSection(SolutionConfigurationPlatforms) = preSolution
		Debug|x64 = Debug|x64
		Debug|x86 = Debug|x86
		Release|x64 = Release|x64
		Release|x86 = Release|x86
	EndGlobalSection
	GlobalSection(ProjectConfigurationPlatforms) = postSolution
		{DE5EFE40-A250-491E-BF9F-67B31CB27BDB}.Debug|x64.ActiveCfg = Debug|x64
		{DE5EFE40-A250-491E-BF9F-67B31CB27BDB}.Debug|x64.Build.0 = Debug|x64
		{DE5EFE40-A250-491E-BF9F-67B31CB27BDB}.Debug|x86.ActiveCfg = Debug|Win32
		{DE5EFE40-A250-491E-BF9F-67B31CB27BDB}.Debug|x86.Build.0 = Debug|Win32
		{DE5EFE40-A250-491E-BF9F-67B31CB27BDB}.Release|x64.ActiveCfg = Release|x64
		{DE5EFE40-A250-491E-BF9F-67B31CB27BDB}.Release|x64.Build.0 = Release|x64
		{DE5EFE40-A250-491E-BF9F-67B31CB27BDB}.Release|x86.ActiveCfg = Release|Win32
		{DE5EFE40-A250-491E-BF9F-67B31CB27BDB}.Release|x86.Build.0 = Release|Win32
	EndGlobalSection
	GlobalSection(SolutionProperties) = preSolution
		HideSolutionNode = FALSE
	EndGlobalSection
	GlobalSection(ExtensibilityGlobals) = postSolution
		SolutionGuid = {9D8B69FE-15AB-420D-A0C4-90285F2E0A62}
	EndGlobalSection
EndGlobal
